
Microsoft Visual Studio Solution File, Format Version 12.00
# Visual Studio Version 16
VisualStudioVersion = 16.0.30523.141
MinimumVisualStudioVersion = 10.0.40219.1
Project("{FAE04EC0-301F-11D3-BF4B-00C04F79EFBC}") = "CGUI", "CGUI\CGUI.csproj", "{E1FDD751-17C9-4BA2-A04D-B9388A1F4DB5}"
EndProject
Global
	GlobalSection(SolutionConfigurationPlatforms) = preSolution
		Debug|Any CPU = Debug|Any CPU
		Release|Any CPU = Release|Any CPU
	EndGlobalSection
	GlobalSection(ProjectConfigurationPlatforms) = postSolution
		{E1FDD751-17C9-4BA2-A04D-B9388A1F4DB5}.Debug|Any CPU.ActiveCfg = Debug|Any CPU
		{E1FDD751-17C9-4BA2-A04D-B9388A1F4DB5}.Debug|Any CPU.Build.0 = Debug|Any CPU
		{E1FDD751-17C9-4BA2-A04D-B9388A1F4DB5}.Release|Any CPU.ActiveCfg = Release|Any CPU
		{E1FDD751-17C9-4BA2-A04D-B9388A1F4DB5}.Release|Any CPU.Build.0 = Release|Any CPU
	EndGlobalSection
	GlobalSection(SolutionProperties) = preSolution
		HideSolutionNode = FALSE
	EndGlobalSection
	GlobalSection(ExtensibilityGlobals) = postSolution
		SolutionGuid = {E70859CB-8F39-4C3E-9C39-88F3557A156B}
	EndGlobalSection
EndGlobal
