
Microsoft Visual Studio Solution File, Format Version 12.00
# Visual Studio Version 16
VisualStudioVersion = 16.0.30523.141
MinimumVisualStudioVersion = 10.0.40219.1
Project("{9A19103F-16F7-4668-BE54-9A1E7A4F7556}") = "Demo", "Demo\Demo.csproj", "{D083E2B4-8F85-4281-A780-0AC7C9A4F0FA}"
EndProject
Project("{9A19103F-16F7-4668-BE54-9A1E7A4F7556}") = "CGUI", "CGUI\CGUI.csproj", "{550993A1-6A72-4C04-BDC9-7627FDA67BAB}"
EndProject
Global
	GlobalSection(SolutionConfigurationPlatforms) = preSolution
		Debug|Any CPU = Debug|Any CPU
		Release|Any CPU = Release|Any CPU
	EndGlobalSection
	GlobalSection(ProjectConfigurationPlatforms) = postSolution
		{D083E2B4-8F85-4281-A780-0AC7C9A4F0FA}.Debug|Any CPU.ActiveCfg = Debug|Any CPU
		{D083E2B4-8F85-4281-A780-0AC7C9A4F0FA}.Debug|Any CPU.Build.0 = Debug|Any CPU
		{D083E2B4-8F85-4281-A780-0AC7C9A4F0FA}.Release|Any CPU.ActiveCfg = Release|Any CPU
		{D083E2B4-8F85-4281-A780-0AC7C9A4F0FA}.Release|Any CPU.Build.0 = Release|Any CPU
		{550993A1-6A72-4C04-BDC9-7627FDA67BAB}.Debug|Any CPU.ActiveCfg = Debug|Any CPU
		{550993A1-6A72-4C04-BDC9-7627FDA67BAB}.Debug|Any CPU.Build.0 = Debug|Any CPU
		{550993A1-6A72-4C04-BDC9-7627FDA67BAB}.Release|Any CPU.ActiveCfg = Release|Any CPU
		{550993A1-6A72-4C04-BDC9-7627FDA67BAB}.Release|Any CPU.Build.0 = Release|Any CPU
	EndGlobalSection
	GlobalSection(SolutionProperties) = preSolution
		HideSolutionNode = FALSE
	EndGlobalSection
	GlobalSection(ExtensibilityGlobals) = postSolution
		SolutionGuid = {E70859CB-8F39-4C3E-9C39-88F3557A156B}
	EndGlobalSection
EndGlobal
